
Microsoft Visual Studio Solution File, Format Version 12.00
Project("{2150E333-8FDC-42A3-9474-1A3956D46DE8}") = "src", "src", "{BD6DE95D-9880-4197-B8A9-63AA2A54A346}"
EndProject
Project("{2150E333-8FDC-42A3-9474-1A3956D46DE8}") = "test", "test", "{460C49F8-5ADB-4249-9AB6-78B76877A643}"
EndProject
Project("{2150E333-8FDC-42A3-9474-1A3956D46DE8}") = "Core", "Core", "{F5C3636B-DEBC-4DA7-9540-616974830D18}"
EndProject
Project("{2150E333-8FDC-42A3-9474-1A3956D46DE8}") = "Infrastructure", "Infrastructure", "{2EC2DAB5-425A-4A07-9E98-13754A632314}"
EndProject
Project("{2150E333-8FDC-42A3-9474-1A3956D46DE8}") = "API", "API", "{1A9A3D03-D09F-4EF1-B9BD-B898E9C22918}"
EndProject
Project("{2150E333-8FDC-42A3-9474-1A3956D46DE8}") = "UI", "UI", "{62891B07-097B-484F-9F8A-30B4D7F37405}"
EndProject
Project("{FAE04EC0-301F-11D3-BF4B-00C04F79EFBC}") = "ArtGallery.WebAPI", "ArtGallery.WebAPI\ArtGallery.WebAPI.csproj", "{BCBE03BD-447D-45F8-9224-49792F85A451}"
EndProject
Project("{FAE04EC0-301F-11D3-BF4B-00C04F79EFBC}") = "ArtGallery.Domain", "ArtGallery.Domain\ArtGallery.Domain.csproj", "{A689FFF5-7C3D-4D74-89C6-91D8088E43CA}"
EndProject
Project("{FAE04EC0-301F-11D3-BF4B-00C04F79EFBC}") = "ArtGallery.Application", "ArtGallery.Application\ArtGallery.Application.csproj", "{F563FD4D-B21C-4FD0-B3B3-821107B8CA35}"
EndProject
Project("{FAE04EC0-301F-11D3-BF4B-00C04F79EFBC}") = "ArtGallery.App", "ArtGallery.App\ArtGallery.App.csproj", "{AF8AB77A-CF7E-482A-89AF-28223A0FFD5F}"
EndProject
Project("{FAE04EC0-301F-11D3-BF4B-00C04F79EFBC}") = "ArtGallery.Infrastructure", "ArtGallery.Infrastructure\ArtGallery.Infrastructure.csproj", "{99DCD6F6-B0B6-4CF9-80DF-46E92E5FE7BA}"
EndProject
Project("{FAE04EC0-301F-11D3-BF4B-00C04F79EFBC}") = "ArtGallery.Persistence", "ArtGallery.Persistence\ArtGallery.Persistence.csproj", "{815008C7-6AD9-4A36-B974-1EE98B2078F7}"
EndProject
Project("{FAE04EC0-301F-11D3-BF4B-00C04F79EFBC}") = "ArtGallery.Identity", "ArtGallery.Identity\ArtGallery.Identity.csproj", "{F12DFB2D-FE83-4A4F-BE8F-1431E44D67DE}"
EndProject
Project("{2150E333-8FDC-42A3-9474-1A3956D46DE8}") = "Solution Items", "Solution Items", "{5CDD563D-3599-45A1-A457-27F770942278}"
	ProjectSection(SolutionItems) = preProject
		docker-compose.yml = docker-compose.yml
	EndProjectSection
EndProject
Project("{FAE04EC0-301F-11D3-BF4B-00C04F79EFBC}") = "ArtGallery.WebAPI.Tests", "ArtGallery.WebAPI.Tests\ArtGallery.WebAPI.Tests.csproj", "{8763266E-65A0-4BA9-93A7-538BD142BA95}"
EndProject
Global
	GlobalSection(SolutionConfigurationPlatforms) = preSolution
		Debug|Any CPU = Debug|Any CPU
		Release|Any CPU = Release|Any CPU
	EndGlobalSection
	GlobalSection(NestedProjects) = preSolution
		{F5C3636B-DEBC-4DA7-9540-616974830D18} = {BD6DE95D-9880-4197-B8A9-63AA2A54A346}
		{2EC2DAB5-425A-4A07-9E98-13754A632314} = {BD6DE95D-9880-4197-B8A9-63AA2A54A346}
		{1A9A3D03-D09F-4EF1-B9BD-B898E9C22918} = {BD6DE95D-9880-4197-B8A9-63AA2A54A346}
		{62891B07-097B-484F-9F8A-30B4D7F37405} = {BD6DE95D-9880-4197-B8A9-63AA2A54A346}
		{BCBE03BD-447D-45F8-9224-49792F85A451} = {1A9A3D03-D09F-4EF1-B9BD-B898E9C22918}
		{A689FFF5-7C3D-4D74-89C6-91D8088E43CA} = {F5C3636B-DEBC-4DA7-9540-616974830D18}
		{F563FD4D-B21C-4FD0-B3B3-821107B8CA35} = {F5C3636B-DEBC-4DA7-9540-616974830D18}
		{AF8AB77A-CF7E-482A-89AF-28223A0FFD5F} = {62891B07-097B-484F-9F8A-30B4D7F37405}
		{99DCD6F6-B0B6-4CF9-80DF-46E92E5FE7BA} = {2EC2DAB5-425A-4A07-9E98-13754A632314}
		{815008C7-6AD9-4A36-B974-1EE98B2078F7} = {2EC2DAB5-425A-4A07-9E98-13754A632314}
		{F12DFB2D-FE83-4A4F-BE8F-1431E44D67DE} = {2EC2DAB5-425A-4A07-9E98-13754A632314}
		{8763266E-65A0-4BA9-93A7-538BD142BA95} = {460C49F8-5ADB-4249-9AB6-78B76877A643}
	EndGlobalSection
	GlobalSection(ProjectConfigurationPlatforms) = postSolution
		{BCBE03BD-447D-45F8-9224-49792F85A451}.Debug|Any CPU.ActiveCfg = Debug|Any CPU
		{BCBE03BD-447D-45F8-9224-49792F85A451}.Debug|Any CPU.Build.0 = Debug|Any CPU
		{BCBE03BD-447D-45F8-9224-49792F85A451}.Release|Any CPU.ActiveCfg = Release|Any CPU
		{BCBE03BD-447D-45F8-9224-49792F85A451}.Release|Any CPU.Build.0 = Release|Any CPU
		{A689FFF5-7C3D-4D74-89C6-91D8088E43CA}.Debug|Any CPU.ActiveCfg = Debug|Any CPU
		{A689FFF5-7C3D-4D74-89C6-91D8088E43CA}.Debug|Any CPU.Build.0 = Debug|Any CPU
		{A689FFF5-7C3D-4D74-89C6-91D8088E43CA}.Release|Any CPU.ActiveCfg = Release|Any CPU
		{A689FFF5-7C3D-4D74-89C6-91D8088E43CA}.Release|Any CPU.Build.0 = Release|Any CPU
		{F563FD4D-B21C-4FD0-B3B3-821107B8CA35}.Debug|Any CPU.ActiveCfg = Debug|Any CPU
		{F563FD4D-B21C-4FD0-B3B3-821107B8CA35}.Debug|Any CPU.Build.0 = Debug|Any CPU
		{F563FD4D-B21C-4FD0-B3B3-821107B8CA35}.Release|Any CPU.ActiveCfg = Release|Any CPU
		{F563FD4D-B21C-4FD0-B3B3-821107B8CA35}.Release|Any CPU.Build.0 = Release|Any CPU
		{AF8AB77A-CF7E-482A-89AF-28223A0FFD5F}.Debug|Any CPU.ActiveCfg = Debug|Any CPU
		{AF8AB77A-CF7E-482A-89AF-28223A0FFD5F}.Debug|Any CPU.Build.0 = Debug|Any CPU
		{AF8AB77A-CF7E-482A-89AF-28223A0FFD5F}.Release|Any CPU.ActiveCfg = Release|Any CPU
		{AF8AB77A-CF7E-482A-89AF-28223A0FFD5F}.Release|Any CPU.Build.0 = Release|Any CPU
		{99DCD6F6-B0B6-4CF9-80DF-46E92E5FE7BA}.Debug|Any CPU.ActiveCfg = Debug|Any CPU
		{99DCD6F6-B0B6-4CF9-80DF-46E92E5FE7BA}.Debug|Any CPU.Build.0 = Debug|Any CPU
		{99DCD6F6-B0B6-4CF9-80DF-46E92E5FE7BA}.Release|Any CPU.ActiveCfg = Release|Any CPU
		{99DCD6F6-B0B6-4CF9-80DF-46E92E5FE7BA}.Release|Any CPU.Build.0 = Release|Any CPU
		{815008C7-6AD9-4A36-B974-1EE98B2078F7}.Debug|Any CPU.ActiveCfg = Debug|Any CPU
		{815008C7-6AD9-4A36-B974-1EE98B2078F7}.Debug|Any CPU.Build.0 = Debug|Any CPU
		{815008C7-6AD9-4A36-B974-1EE98B2078F7}.Release|Any CPU.ActiveCfg = Release|Any CPU
		{815008C7-6AD9-4A36-B974-1EE98B2078F7}.Release|Any CPU.Build.0 = Release|Any CPU
		{F12DFB2D-FE83-4A4F-BE8F-1431E44D67DE}.Debug|Any CPU.ActiveCfg = Debug|Any CPU
		{F12DFB2D-FE83-4A4F-BE8F-1431E44D67DE}.Debug|Any CPU.Build.0 = Debug|Any CPU
		{F12DFB2D-FE83-4A4F-BE8F-1431E44D67DE}.Release|Any CPU.ActiveCfg = Release|Any CPU
		{F12DFB2D-FE83-4A4F-BE8F-1431E44D67DE}.Release|Any CPU.Build.0 = Release|Any CPU
		{8763266E-65A0-4BA9-93A7-538BD142BA95}.Debug|Any CPU.ActiveCfg = Debug|Any CPU
		{8763266E-65A0-4BA9-93A7-538BD142BA95}.Debug|Any CPU.Build.0 = Debug|Any CPU
		{8763266E-65A0-4BA9-93A7-538BD142BA95}.Release|Any CPU.ActiveCfg = Release|Any CPU
		{8763266E-65A0-4BA9-93A7-538BD142BA95}.Release|Any CPU.Build.0 = Release|Any CPU
	EndGlobalSection
EndGlobal
